PODS:
  - CocoaAsyncSocket (7.4.2)
  - ProtobufObjC (0.0.1)

DEPENDENCIES:
  - CocoaAsyncSocket (from `https://github.com/robbiehanson/CocoaAsyncSocket.git`,
    commit `6e018ddf7c456106f898efae66ea5e5c94737a96`)
  - ProtobufObjC (~> 0.0.1)

EXTERNAL SOURCES:
  CocoaAsyncSocket:
    :commit: 6e018ddf7c456106f898efae66ea5e5c94737a96
    :git: https://github.com/robbiehanson/CocoaAsyncSocket.git

CHECKOUT OPTIONS:
  CocoaAsyncSocket:
    :commit: 6e018ddf7c456106f898efae66ea5e5c94737a96
    :git: https://github.com/robbiehanson/CocoaAsyncSocket.git

SPEC CHECKSUMS:
  CocoaAsyncSocket: 9a291421ca6c4e66ab063c19dbc7c22e911a0a68
  ProtobufObjC: 2e2e5a9d39a3261db9e51f4b90301f17844b08d5

COCOAPODS: 0.39.0
