// !$*UTF8*$!
{
	archiveVersion = 1;
	classes = {
	};
	objectVersion = 46;
	objects = {

/* Begin PBXBuildFile section */
		1604CC48150AF3BA00AAA4AA /* Controller.pb.m in Sources */ = {isa = PBXBuildFile; fileRef = 1604CC45150AF3BA00AAA4AA /* Controller.pb.m */; };
		1604CC49150AF3BA00AAA4AA /* Rpc_service.pb.m in Sources */ = {isa = PBXBuildFile; fileRef = 1604CC47150AF3BA00AAA4AA /* Rpc_service.pb.m */; };
		1639FD0D14FED9D0003778E7 /* Cocoa.framework in Frameworks */ = {isa = PBXBuildFile; fileRef = 1639FD0C14FED9D0003778E7 /* Cocoa.framework */; };
		1639FD1714FED9D0003778E7 /* InfoPlist.strings in Resources */ = {isa = PBXBuildFile; fileRef = 1639FD1514FED9D0003778E7 /* InfoPlist.strings */; };
		1639FD1914FED9D0003778E7 /* main.m in Sources */ = {isa = PBXBuildFile; fileRef = 1639FD1814FED9D0003778E7 /* main.m */; };
		1639FD2014FED9D0003778E7 /* AeroFSAppDelegate.m in Sources */ = {isa = PBXBuildFile; fileRef = 1639FD1F14FED9D0003778E7 /* AeroFSAppDelegate.m */; };
		1639FD2314FED9D1003778E7 /* MainMenu.xib in Resources */ = {isa = PBXBuildFile; fileRef = 1639FD2114FED9D1003778E7 /* MainMenu.xib */; };
		1639FD2B14FED9D1003778E7 /* SenTestingKit.framework in Frameworks */ = {isa = PBXBuildFile; fileRef = 1639FD2A14FED9D1003778E7 /* SenTestingKit.framework */; };
		1639FD2C14FED9D1003778E7 /* Cocoa.framework in Frameworks */ = {isa = PBXBuildFile; fileRef = 1639FD0C14FED9D0003778E7 /* Cocoa.framework */; };
		1639FD3414FED9D1003778E7 /* InfoPlist.strings in Resources */ = {isa = PBXBuildFile; fileRef = 1639FD3214FED9D1003778E7 /* InfoPlist.strings */; };
		1639FD3614FED9D1003778E7 /* AeroFSTests.h in Resources */ = {isa = PBXBuildFile; fileRef = 1639FD3514FED9D1003778E7 /* AeroFSTests.h */; };
		1639FD3814FED9D1003778E7 /* AeroFSTests.m in Sources */ = {isa = PBXBuildFile; fileRef = 1639FD3714FED9D1003778E7 /* AeroFSTests.m */; };
		1654F5A314FEDF270079C272 /* tray00.png in Resources */ = {isa = PBXBuildFile; fileRef = 1654F5A214FEDF270079C272 /* tray00.png */; };
		1654F5AB14FEE3800079C272 /* AeroController.mm in Sources */ = {isa = PBXBuildFile; fileRef = 1654F5AA14FEE3800079C272 /* AeroController.mm */; };
		1654F5AD14FEE3DB0079C272 /* JavaVM.framework in Frameworks */ = {isa = PBXBuildFile; fileRef = 1654F5AC14FEE3DB0079C272 /* JavaVM.framework */; };
		1654F5AD14FEE3DB0079C28C /* AeroPreferencesDialog.m in Sources */ = {isa = PBXBuildFile; fileRef = 1654F5AD14FEE3DB0079C28B /* AeroPreferencesDialog.m */; };
		1654F5AD14FEE3DB0079C28E /* AeroPreferencesDialog.xib in Resources */ = {isa = PBXBuildFile; fileRef = 1654F5AD14FEE3DB0079C28D /* AeroPreferencesDialog.xib */; };
		1654F5AD14FEE3DB0079C290 /* AeroMenu.m in Sources */ = {isa = PBXBuildFile; fileRef = 1654F5AD14FEE3DB0079C28F /* AeroMenu.m */; };
		1654F5AD14FEE3DB0079C293 /* AeroGeneralPreferences.m in Sources */ = {isa = PBXBuildFile; fileRef = 1654F5AD14FEE3DB0079C292 /* AeroGeneralPreferences.m */; };
		1654F5AD14FEE3DB0079C298 /* AeroSetupDialog.m in Sources */ = {isa = PBXBuildFile; fileRef = 1654F5AD14FEE3DB0079C297 /* AeroSetupDialog.m */; };
		1689DBC515262CCF0081278D /* Common.pb.m in Sources */ = {isa = PBXBuildFile; fileRef = 1689DBC415262CCF0081278D /* Common.pb.m */; };
		16B1DF06153F28F30002484D /* exclamation.png in Resources */ = {isa = PBXBuildFile; fileRef = 16B1DF05153F28F30002484D /* exclamation.png */; };
		16B1DF09153F29250002484D /* tick.png in Resources */ = {isa = PBXBuildFile; fileRef = 16B1DF08153F29250002484D /* tick.png */; };
		16E977C9153E543500D8945D /* AeroSetupDialog.xib in Resources */ = {isa = PBXBuildFile; fileRef = 16E977C8153E543500D8945D /* AeroSetupDialog.xib */; };
		16E977C9153E543500D89460 /* AeroSetupStatusView.m in Sources */ = {isa = PBXBuildFile; fileRef = 16E977C9153E543500D8945F /* AeroSetupStatusView.m */; };
		16E977C9153E543500D89463 /* AeroSetupSignInView.m in Sources */ = {isa = PBXBuildFile; fileRef = 16E977C9153E543500D89462 /* AeroSetupSignInView.m */; };
		16E977C9153E543500D89466 /* AeroSetupSignUpView.m in Sources */ = {isa = PBXBuildFile; fileRef = 16E977C9153E543500D89465 /* AeroSetupSignUpView.m */; };
		16E977C9153E543500D89469 /* Categories.m in Sources */ = {isa = PBXBuildFile; fileRef = 16E977C9153E543500D89468 /* Categories.m */; };
/* End PBXBuildFile section */

/* Begin PBXContainerItemProxy section */
		1639FD2D14FED9D1003778E7 /* PBXContainerItemProxy */ = {
			isa = PBXContainerItemProxy;
			containerPortal = 1639FCFF14FED9D0003778E7 /* Project object */;
			proxyType = 1;
			remoteGlobalIDString = 1639FD0714FED9D0003778E7;
			remoteInfo = AeroFS;
		};
/* End PBXContainerItemProxy section */

/* Begin PBXFileReference section */
		1604CC44150AF3BA00AAA4AA /* Controller.pb.h */ = {isa = PBXFileReference; fileEncoding = 4; lastKnownFileType = sourcecode.c.h; name = Controller.pb.h; path = gen/Controller.pb.h; sourceTree = SOURCE_ROOT; };
		1604CC45150AF3BA00AAA4AA /* Controller.pb.m */ = {isa = PBXFileReference; fileEncoding = 4; lastKnownFileType = sourcecode.c.objc; name = Controller.pb.m; path = gen/Controller.pb.m; sourceTree = SOURCE_ROOT; };
		1604CC46150AF3BA00AAA4AA /* Rpc_service.pb.h */ = {isa = PBXFileReference; fileEncoding = 4; lastKnownFileType = sourcecode.c.h; name = Rpc_service.pb.h; path = gen/Rpc_service.pb.h; sourceTree = SOURCE_ROOT; };
		1604CC47150AF3BA00AAA4AA /* Rpc_service.pb.m */ = {isa = PBXFileReference; fileEncoding = 4; lastKnownFileType = sourcecode.c.objc; name = Rpc_service.pb.m; path = gen/Rpc_service.pb.m; sourceTree = SOURCE_ROOT; };
		1639FD0814FED9D0003778E7 /* AeroFS.app */ = {isa = PBXFileReference; explicitFileType = wrapper.application; includeInIndex = 0; path = AeroFS.app; sourceTree = BUILT_PRODUCTS_DIR; };
		1639FD0C14FED9D0003778E7 /* Cocoa.framework */ = {isa = PBXFileReference; lastKnownFileType = wrapper.framework; name = Cocoa.framework; path = System/Library/Frameworks/Cocoa.framework; sourceTree = SDKROOT; };
		1639FD0F14FED9D0003778E7 /* AppKit.framework */ = {isa = PBXFileReference; lastKnownFileType = wrapper.framework; name = AppKit.framework; path = System/Library/Frameworks/AppKit.framework; sourceTree = SDKROOT; };
		1639FD1014FED9D0003778E7 /* CoreData.framework */ = {isa = PBXFileReference; lastKnownFileType = wrapper.framework; name = CoreData.framework; path = System/Library/Frameworks/CoreData.framework; sourceTree = SDKROOT; };
		1639FD1114FED9D0003778E7 /* Foundation.framework */ = {isa = PBXFileReference; lastKnownFileType = wrapper.framework; name = Foundation.framework; path = System/Library/Frameworks/Foundation.framework; sourceTree = SDKROOT; };
		1639FD1414FED9D0003778E7 /* AeroFS-Info.plist */ = {isa = PBXFileReference; lastKnownFileType = text.plist.xml; path = "AeroFS-Info.plist"; sourceTree = "<group>"; };
		1639FD1614FED9D0003778E7 /* en */ = {isa = PBXFileReference; lastKnownFileType = text.plist.strings; name = en; path = en.lproj/InfoPlist.strings; sourceTree = "<group>"; };
		1639FD1814FED9D0003778E7 /* main.m */ = {isa = PBXFileReference; lastKnownFileType = sourcecode.c.objc; path = main.m; sourceTree = "<group>"; };
		1639FD1A14FED9D0003778E7 /* AeroFS-Prefix.pch */ = {isa = PBXFileReference; lastKnownFileType = sourcecode.c.h; path = "AeroFS-Prefix.pch"; sourceTree = "<group>"; };
		1639FD1E14FED9D0003778E7 /* AeroFSAppDelegate.h */ = {isa = PBXFileReference; lastKnownFileType = sourcecode.c.h; path = AeroFSAppDelegate.h; sourceTree = "<group>"; };
		1639FD1F14FED9D0003778E7 /* AeroFSAppDelegate.m */ = {isa = PBXFileReference; lastKnownFileType = sourcecode.c.objc; path = AeroFSAppDelegate.m; sourceTree = "<group>"; };
		1639FD2214FED9D1003778E7 /* en */ = {isa = PBXFileReference; lastKnownFileType = file.xib; name = en; path = en.lproj/MainMenu.xib; sourceTree = "<group>"; };
		1639FD2914FED9D1003778E7 /* AeroFSTests.octest */ = {isa = PBXFileReference; explicitFileType = wrapper.cfbundle; includeInIndex = 0; path = AeroFSTests.octest; sourceTree = BUILT_PRODUCTS_DIR; };
		1639FD2A14FED9D1003778E7 /* SenTestingKit.framework */ = {isa = PBXFileReference; lastKnownFileType = wrapper.framework; name = SenTestingKit.framework; path = Library/Frameworks/SenTestingKit.framework; sourceTree = DEVELOPER_DIR; };
		1639FD3114FED9D1003778E7 /* AeroFSTests-Info.plist */ = {isa = PBXFileReference; lastKnownFileType = text.plist.xml; path = "AeroFSTests-Info.plist"; sourceTree = "<group>"; };
		1639FD3314FED9D1003778E7 /* en */ = {isa = PBXFileReference; lastKnownFileType = text.plist.strings; name = en; path = en.lproj/InfoPlist.strings; sourceTree = "<group>"; };
		1639FD3514FED9D1003778E7 /* AeroFSTests.h */ = {isa = PBXFileReference; lastKnownFileType = sourcecode.c.h; path = AeroFSTests.h; sourceTree = "<group>"; };
		1639FD3714FED9D1003778E7 /* AeroFSTests.m */ = {isa = PBXFileReference; lastKnownFileType = sourcecode.c.objc; path = AeroFSTests.m; sourceTree = "<group>"; };
		1654F5A214FEDF270079C272 /* tray00.png */ = {isa = PBXFileReference; lastKnownFileType = image.png; name = tray00.png; path = Resources/tray00.png; sourceTree = "<group>"; };
		1654F5A914FEE3800079C272 /* AeroController.h */ = {isa = PBXFileReference; fileEncoding = 4; lastKnownFileType = sourcecode.c.h; path = AeroController.h; sourceTree = "<group>"; };
		1654F5AA14FEE3800079C272 /* AeroController.mm */ = {isa = PBXFileReference; fileEncoding = 4; lastKnownFileType = sourcecode.cpp.objcpp; path = AeroController.mm; sourceTree = "<group>"; };
		1654F5AC14FEE3DB0079C272 /* JavaVM.framework */ = {isa = PBXFileReference; lastKnownFileType = wrapper.framework; name = JavaVM.framework; path = System/Library/Frameworks/JavaVM.framework; sourceTree = SDKROOT; };
		1654F5AD14FEE3DB0079C28A /* AeroPreferencesDialog.h */ = {isa = PBXFileReference; fileEncoding = 4; lastKnownFileType = sourcecode.c.h; path = AeroPreferencesDialog.h; sourceTree = "<group>"; };
		1654F5AD14FEE3DB0079C28B /* AeroPreferencesDialog.m */ = {isa = PBXFileReference; fileEncoding = 4; lastKnownFileType = sourcecode.c.objc; path = AeroPreferencesDialog.m; sourceTree = "<group>"; };
		1654F5AD14FEE3DB0079C28D /* AeroPreferencesDialog.xib */ = {isa = PBXFileReference; lastKnownFileType = file.xib; path = AeroPreferencesDialog.xib; sourceTree = "<group>"; };
		1654F5AD14FEE3DB0079C28F /* AeroMenu.m */ = {isa = PBXFileReference; fileEncoding = 4; lastKnownFileType = sourcecode.c.objc; path = AeroMenu.m; sourceTree = "<group>"; };
		1654F5AD14FEE3DB0079C291 /* AeroMenu.h */ = {isa = PBXFileReference; fileEncoding = 4; lastKnownFileType = sourcecode.c.h; path = AeroMenu.h; sourceTree = "<group>"; };
		1654F5AD14FEE3DB0079C292 /* AeroGeneralPreferences.m */ = {isa = PBXFileReference; fileEncoding = 4; lastKnownFileType = sourcecode.c.objc; path = AeroGeneralPreferences.m; sourceTree = "<group>"; };
		1654F5AD14FEE3DB0079C294 /* AeroGeneralPreferences.h */ = {isa = PBXFileReference; fileEncoding = 4; lastKnownFileType = sourcecode.c.h; path = AeroGeneralPreferences.h; sourceTree = "<group>"; };
		1654F5AD14FEE3DB0079C297 /* AeroSetupDialog.m */ = {isa = PBXFileReference; fileEncoding = 4; lastKnownFileType = sourcecode.c.objc; path = AeroSetupDialog.m; sourceTree = "<group>"; };
		1654F5AD14FEE3DB0079C299 /* AeroSetupDialog.h */ = {isa = PBXFileReference; fileEncoding = 4; lastKnownFileType = sourcecode.c.h; path = AeroSetupDialog.h; sourceTree = "<group>"; };
		1689DBC315262CCE0081278D /* Common.pb.h */ = {isa = PBXFileReference; fileEncoding = 4; lastKnownFileType = sourcecode.c.h; name = Common.pb.h; path = gen/Common.pb.h; sourceTree = SOURCE_ROOT; };
		1689DBC415262CCF0081278D /* Common.pb.m */ = {isa = PBXFileReference; fileEncoding = 4; lastKnownFileType = sourcecode.c.objc; name = Common.pb.m; path = gen/Common.pb.m; sourceTree = SOURCE_ROOT; };
		16B1DF05153F28F30002484D /* exclamation.png */ = {isa = PBXFileReference; lastKnownFileType = image.png; name = exclamation.png; path = Resources/exclamation.png; sourceTree = "<group>"; };
		16B1DF08153F29250002484D /* tick.png */ = {isa = PBXFileReference; lastKnownFileType = image.png; name = tick.png; path = Resources/tick.png; sourceTree = "<group>"; };
		16E977C8153E543500D8945D /* AeroSetupDialog.xib */ = {isa = PBXFileReference; fileEncoding = 4; lastKnownFileType = file.xib; path = AeroSetupDialog.xib; sourceTree = "<group>"; };
		16E977C9153E543500D8945F /* AeroSetupStatusView.m */ = {isa = PBXFileReference; fileEncoding = 4; lastKnownFileType = sourcecode.c.objc; path = AeroSetupStatusView.m; sourceTree = "<group>"; };
		16E977C9153E543500D89461 /* AeroSetupStatusView.h */ = {isa = PBXFileReference; fileEncoding = 4; lastKnownFileType = sourcecode.c.h; path = AeroSetupStatusView.h; sourceTree = "<group>"; };
		16E977C9153E543500D89462 /* AeroSetupSignInView.m */ = {isa = PBXFileReference; fileEncoding = 4; lastKnownFileType = sourcecode.c.objc; path = AeroSetupSignInView.m; sourceTree = "<group>"; };
		16E977C9153E543500D89464 /* AeroSetupSignInView.h */ = {isa = PBXFileReference; fileEncoding = 4; lastKnownFileType = sourcecode.c.h; path = AeroSetupSignInView.h; sourceTree = "<group>"; };
		16E977C9153E543500D89465 /* AeroSetupSignUpView.m */ = {isa = PBXFileReference; fileEncoding = 4; lastKnownFileType = sourcecode.c.objc; path = AeroSetupSignUpView.m; sourceTree = "<group>"; };
		16E977C9153E543500D89467 /* AeroSetupSignUpView.h */ = {isa = PBXFileReference; fileEncoding = 4; lastKnownFileType = sourcecode.c.h; path = AeroSetupSignUpView.h; sourceTree = "<group>"; };
		16E977C9153E543500D89468 /* Categories.m */ = {isa = PBXFileReference; fileEncoding = 4; lastKnownFileType = sourcecode.c.objc; path = Categories.m; sourceTree = "<group>"; };
		16E977C9153E543500D8946A /* Categories.h */ = {isa = PBXFileReference; fileEncoding = 4; lastKnownFileType = sourcecode.c.h; path = Categories.h; sourceTree = "<group>"; };
/* End PBXFileReference section */

/* Begin PBXFrameworksBuildPhase section */
		1639FD0514FED9D0003778E7 /* Frameworks */ = {
			isa = PBXFrameworksBuildPhase;
			buildActionMask = 2147483647;
			files = (
				1654F5AD14FEE3DB0079C272 /* JavaVM.framework in Frameworks */,
				1639FD0D14FED9D0003778E7 /* Cocoa.framework in Frameworks */,
			);
			runOnlyForDeploymentPostprocessing = 0;
		};
		1639FD2514FED9D1003778E7 /* Frameworks */ = {
			isa = PBXFrameworksBuildPhase;
			buildActionMask = 2147483647;
			files = (
				1639FD2B14FED9D1003778E7 /* SenTestingKit.framework in Frameworks */,
				1639FD2C14FED9D1003778E7 /* Cocoa.framework in Frameworks */,
			);
			runOnlyForDeploymentPostprocessing = 0;
		};
/* End PBXFrameworksBuildPhase section */

/* Begin PBXGroup section */
		1639FCFD14FED9D0003778E7 = {
			isa = PBXGroup;
			children = (
				1639FD1214FED9D0003778E7 /* AeroFS */,
				1639FD2F14FED9D1003778E7 /* AeroFSTests */,
				1639FD0B14FED9D0003778E7 /* Frameworks */,
				1639FD0914FED9D0003778E7 /* Products */,
			);
			sourceTree = "<group>";
		};
		1639FD0914FED9D0003778E7 /* Products */ = {
			isa = PBXGroup;
			children = (
				1639FD0814FED9D0003778E7 /* AeroFS.app */,
				1639FD2914FED9D1003778E7 /* AeroFSTests.octest */,
			);
			name = Products;
			sourceTree = "<group>";
		};
		1639FD0B14FED9D0003778E7 /* Frameworks */ = {
			isa = PBXGroup;
			children = (
				1654F5AC14FEE3DB0079C272 /* JavaVM.framework */,
				1639FD0C14FED9D0003778E7 /* Cocoa.framework */,
				1639FD2A14FED9D1003778E7 /* SenTestingKit.framework */,
				1639FD0E14FED9D0003778E7 /* Other Frameworks */,
			);
			name = Frameworks;
			sourceTree = "<group>";
		};
		1639FD0E14FED9D0003778E7 /* Other Frameworks */ = {
			isa = PBXGroup;
			children = (
				1639FD0F14FED9D0003778E7 /* AppKit.framework */,
				1639FD1014FED9D0003778E7 /* CoreData.framework */,
				1639FD1114FED9D0003778E7 /* Foundation.framework */,
			);
			name = "Other Frameworks";
			sourceTree = "<group>";
		};
		1639FD1214FED9D0003778E7 /* AeroFS */ = {
			isa = PBXGroup;
			children = (
				16E977C9153E543500D8946A /* Categories.h */,
				16E977C9153E543500D89468 /* Categories.m */,
				1654F5AD14FEE3DB0079C294 /* AeroGeneralPreferences.h */,
				1654F5AD14FEE3DB0079C292 /* AeroGeneralPreferences.m */,
				1654F5AD14FEE3DB0079C291 /* AeroMenu.h */,
				1654F5AD14FEE3DB0079C28F /* AeroMenu.m */,
				1654F5AD14FEE3DB0079C28D /* AeroPreferencesDialog.xib */,
				1654F5AD14FEE3DB0079C28B /* AeroPreferencesDialog.m */,
				1654F5AD14FEE3DB0079C28A /* AeroPreferencesDialog.h */,
				1654F5A914FEE3800079C272 /* AeroController.h */,
				1654F5AA14FEE3800079C272 /* AeroController.mm */,
				1639FD1E14FED9D0003778E7 /* AeroFSAppDelegate.h */,
				1639FD1F14FED9D0003778E7 /* AeroFSAppDelegate.m */,
				1639FD2114FED9D1003778E7 /* MainMenu.xib */,
				1654F59E14FEDE840079C272 /* Resources */,
				1639FD1314FED9D0003778E7 /* Supporting Files */,
				1654F5AD14FEE3DB0079C276 /* gen */,
				16E977C9153E543500D8945E /* Setup */,
			);
			path = AeroFS;
			sourceTree = "<group>";
		};
		1639FD1314FED9D0003778E7 /* Supporting Files */ = {
			isa = PBXGroup;
			children = (
				1639FD1414FED9D0003778E7 /* AeroFS-Info.plist */,
				1639FD1514FED9D0003778E7 /* InfoPlist.strings */,
				1639FD1814FED9D0003778E7 /* main.m */,
				1639FD1A14FED9D0003778E7 /* AeroFS-Prefix.pch */,
			);
			name = "Supporting Files";
			sourceTree = "<group>";
		};
		1639FD2F14FED9D1003778E7 /* AeroFSTests */ = {
			isa = PBXGroup;
			children = (
				1639FD3514FED9D1003778E7 /* AeroFSTests.h */,
				1639FD3714FED9D1003778E7 /* AeroFSTests.m */,
				1639FD3014FED9D1003778E7 /* Supporting Files */,
			);
			path = AeroFSTests;
			sourceTree = "<group>";
		};
		1639FD3014FED9D1003778E7 /* Supporting Files */ = {
			isa = PBXGroup;
			children = (
				1639FD3114FED9D1003778E7 /* AeroFSTests-Info.plist */,
				1639FD3214FED9D1003778E7 /* InfoPlist.strings */,
			);
			name = "Supporting Files";
			sourceTree = "<group>";
		};
		1654F59E14FEDE840079C272 /* Resources */ = {
			isa = PBXGroup;
			children = (
				16B1DF08153F29250002484D /* tick.png */,
				16B1DF05153F28F30002484D /* exclamation.png */,
				1654F5A214FEDF270079C272 /* tray00.png */,
			);
			name = Resources;
			sourceTree = "<group>";
		};
		1654F5AD14FEE3DB0079C276 /* gen */ = {
			isa = PBXGroup;
			children = (
				1689DBC315262CCE0081278D /* Common.pb.h */,
				1689DBC415262CCF0081278D /* Common.pb.m */,
				1604CC44150AF3BA00AAA4AA /* Controller.pb.h */,
				1604CC45150AF3BA00AAA4AA /* Controller.pb.m */,
				1604CC46150AF3BA00AAA4AA /* Rpc_service.pb.h */,
				1604CC47150AF3BA00AAA4AA /* Rpc_service.pb.m */,
			);
			path = gen;
			sourceTree = "<group>";
		};
		16E977C9153E543500D8945E /* Setup */ = {
			isa = PBXGroup;
			children = (
				16E977C9153E543500D89467 /* AeroSetupSignUpView.h */,
				16E977C9153E543500D89465 /* AeroSetupSignUpView.m */,
				16E977C9153E543500D89464 /* AeroSetupSignInView.h */,
				16E977C9153E543500D89462 /* AeroSetupSignInView.m */,
				16E977C9153E543500D89461 /* AeroSetupStatusView.h */,
				16E977C9153E543500D8945F /* AeroSetupStatusView.m */,
				16E977C8153E543500D8945D /* AeroSetupDialog.xib */,
				1654F5AD14FEE3DB0079C297 /* AeroSetupDialog.m */,
				1654F5AD14FEE3DB0079C299 /* AeroSetupDialog.h */,
			);
			path = Setup;
			sourceTree = "<group>";
		};
/* End PBXGroup section */

/* Begin PBXNativeTarget section */
		1639FD0714FED9D0003778E7 /* AeroFS */ = {
			isa = PBXNativeTarget;
			buildConfigurationList = 1639FD3B14FED9D1003778E7 /* Build configuration list for PBXNativeTarget "AeroFS" */;
			buildPhases = (
				1639FD0414FED9D0003778E7 /* Sources */,
				1639FD0514FED9D0003778E7 /* Frameworks */,
				1639FD0614FED9D0003778E7 /* Resources */,
			);
			buildRules = (
			);
			dependencies = (
			);
			name = AeroFS;
			productName = AeroFS;
			productReference = 1639FD0814FED9D0003778E7 /* AeroFS.app */;
			productType = "com.apple.product-type.application";
		};
		1639FD2814FED9D1003778E7 /* AeroFSTests */ = {
			isa = PBXNativeTarget;
			buildConfigurationList = 1639FD3E14FED9D1003778E7 /* Build configuration list for PBXNativeTarget "AeroFSTests" */;
			buildPhases = (
				1639FD2414FED9D1003778E7 /* Sources */,
				1639FD2514FED9D1003778E7 /* Frameworks */,
				1639FD2614FED9D1003778E7 /* Resources */,
				1639FD2714FED9D1003778E7 /* ShellScript */,
			);
			buildRules = (
			);
			dependencies = (
				1639FD2E14FED9D1003778E7 /* PBXTargetDependency */,
			);
			name = AeroFSTests;
			productName = AeroFSTests;
			productReference = 1639FD2914FED9D1003778E7 /* AeroFSTests.octest */;
			productType = "com.apple.product-type.bundle";
		};
/* End PBXNativeTarget section */

/* Begin PBXProject section */
		1639FCFF14FED9D0003778E7 /* Project object */ = {
			isa = PBXProject;
			attributes = {
				LastUpgradeCheck = 0430;
			};
			buildConfigurationList = 1639FD0214FED9D0003778E7 /* Build configuration list for PBXProject "AeroFS" */;
			compatibilityVersion = "Xcode 3.2";
			developmentRegion = English;
			hasScannedForEncodings = 0;
			knownRegions = (
				en,
			);
			mainGroup = 1639FCFD14FED9D0003778E7;
			productRefGroup = 1639FD0914FED9D0003778E7 /* Products */;
			projectDirPath = "";
			projectRoot = "";
			targets = (
				1639FD0714FED9D0003778E7 /* AeroFS */,
				1639FD2814FED9D1003778E7 /* AeroFSTests */,
			);
		};
/* End PBXProject section */

/* Begin PBXResourcesBuildPhase section */
		1639FD0614FED9D0003778E7 /* Resources */ = {
			isa = PBXResourcesBuildPhase;
			buildActionMask = 2147483647;
			files = (
				1639FD1714FED9D0003778E7 /* InfoPlist.strings in Resources */,
				1639FD2314FED9D1003778E7 /* MainMenu.xib in Resources */,
				1654F5A314FEDF270079C272 /* tray00.png in Resources */,
				1654F5AD14FEE3DB0079C28E /* AeroPreferencesDialog.xib in Resources */,
				16E977C9153E543500D8945D /* AeroSetupDialog.xib in Resources */,
				16B1DF06153F28F30002484D /* exclamation.png in Resources */,
				16B1DF09153F29250002484D /* tick.png in Resources */,
			);
			runOnlyForDeploymentPostprocessing = 0;
		};
		1639FD2614FED9D1003778E7 /* Resources */ = {
			isa = PBXResourcesBuildPhase;
			buildActionMask = 2147483647;
			files = (
				1639FD3414FED9D1003778E7 /* InfoPlist.strings in Resources */,
				1639FD3614FED9D1003778E7 /* AeroFSTests.h in Resources */,
			);
			runOnlyForDeploymentPostprocessing = 0;
		};
/* End PBXResourcesBuildPhase section */

/* Begin PBXShellScriptBuildPhase section */
		1639FD2714FED9D1003778E7 /* ShellScript */ = {
			isa = PBXShellScriptBuildPhase;
			buildActionMask = 2147483647;
			files = (
			);
			inputPaths = (
			);
			outputPaths = (
			);
			runOnlyForDeploymentPostprocessing = 0;
			shellPath = /bin/sh;
			shellScript = "# Run the unit tests in this test bundle.\n\"${SYSTEM_DEVELOPER_DIR}/Tools/RunUnitTests\"\n";
		};
/* End PBXShellScriptBuildPhase section */

/* Begin PBXSourcesBuildPhase section */
		1639FD0414FED9D0003778E7 /* Sources */ = {
			isa = PBXSourcesBuildPhase;
			buildActionMask = 2147483647;
			files = (
				1639FD1914FED9D0003778E7 /* main.m in Sources */,
				1639FD2014FED9D0003778E7 /* AeroFSAppDelegate.m in Sources */,
				1654F5AB14FEE3800079C272 /* AeroController.mm in Sources */,
				1604CC48150AF3BA00AAA4AA /* Controller.pb.m in Sources */,
				1604CC49150AF3BA00AAA4AA /* Rpc_service.pb.m in Sources */,
				1654F5AD14FEE3DB0079C28C /* AeroPreferencesDialog.m in Sources */,
				1654F5AD14FEE3DB0079C290 /* AeroMenu.m in Sources */,
				1654F5AD14FEE3DB0079C293 /* AeroGeneralPreferences.m in Sources */,
				1654F5AD14FEE3DB0079C298 /* AeroSetupDialog.m in Sources */,
				1689DBC515262CCF0081278D /* Common.pb.m in Sources */,
				16E977C9153E543500D89460 /* AeroSetupStatusView.m in Sources */,
				16E977C9153E543500D89463 /* AeroSetupSignInView.m in Sources */,
				16E977C9153E543500D89466 /* AeroSetupSignUpView.m in Sources */,
				16E977C9153E543500D89469 /* Categories.m in Sources */,
			);
			runOnlyForDeploymentPostprocessing = 0;
		};
		1639FD2414FED9D1003778E7 /* Sources */ = {
			isa = PBXSourcesBuildPhase;
			buildActionMask = 2147483647;
			files = (
				1639FD3814FED9D1003778E7 /* AeroFSTests.m in Sources */,
			);
			runOnlyForDeploymentPostprocessing = 0;
		};
/* End PBXSourcesBuildPhase section */

/* Begin PBXTargetDependency section */
		1639FD2E14FED9D1003778E7 /* PBXTargetDependency */ = {
			isa = PBXTargetDependency;
			target = 1639FD0714FED9D0003778E7 /* AeroFS */;
			targetProxy = 1639FD2D14FED9D1003778E7 /* PBXContainerItemProxy */;
		};
/* End PBXTargetDependency section */

/* Begin PBXVariantGroup section */
		1639FD1514FED9D0003778E7 /* InfoPlist.strings */ = {
			isa = PBXVariantGroup;
			children = (
				1639FD1614FED9D0003778E7 /* en */,
			);
			name = InfoPlist.strings;
			sourceTree = "<group>";
		};
		1639FD2114FED9D1003778E7 /* MainMenu.xib */ = {
			isa = PBXVariantGroup;
			children = (
				1639FD2214FED9D1003778E7 /* en */,
			);
			name = MainMenu.xib;
			sourceTree = "<group>";
		};
		1639FD3214FED9D1003778E7 /* InfoPlist.strings */ = {
			isa = PBXVariantGroup;
			children = (
				1639FD3314FED9D1003778E7 /* en */,
			);
			name = InfoPlist.strings;
			sourceTree = "<group>";
		};
/* End PBXVariantGroup section */

/* Begin XCBuildConfiguration section */
		1639FD3914FED9D1003778E7 /* Debug */ = {
			isa = XCBuildConfiguration;
			buildSettings = {
				ALWAYS_SEARCH_USER_PATHS = NO;
				ARCHS = "$(ARCHS_STANDARD_64_BIT)";
				COPY_PHASE_STRIP = NO;
				GCC_C_LANGUAGE_STANDARD = gnu99;
				GCC_DYNAMIC_NO_PIC = NO;
				GCC_ENABLE_OBJC_EXCEPTIONS = YES;
				GCC_OPTIMIZATION_LEVEL = 0;
				GCC_PREPROCESSOR_DEFINITIONS = (
					"DEBUG=1",
					"$(inherited)",
				);
				GCC_SYMBOLS_PRIVATE_EXTERN = NO;
				GCC_VERSION = com.apple.compilers.llvm.clang.1_0;
				GCC_WARN_64_TO_32_BIT_CONVERSION = YES;
				GCC_WARN_ABOUT_MISSING_PROTOTYPES = YES;
				GCC_WARN_ABOUT_RETURN_TYPE = YES;
				GCC_WARN_UNUSED_VARIABLE = YES;
				HEADER_SEARCH_PATHS = "../3rd_party/protobuf-objc";
				"LIBRARY_SEARCH_PATHS[arch=*]" = (
					"../3rd_party/protobuf-objc/Debug",
					../launcher/lib/osx,
				);
				MACOSX_DEPLOYMENT_TARGET = 10.7;
				ONLY_ACTIVE_ARCH = YES;
				OTHER_CFLAGS = "-DDEBUG";
				"OTHER_CFLAGS[arch=*]" = "";
				OTHER_LDFLAGS = "-lProtocolBuffers";
				SDKROOT = macosx;
			};
			name = Debug;
		};
		1639FD3A14FED9D1003778E7 /* Release */ = {
			isa = XCBuildConfiguration;
			buildSettings = {
				ALWAYS_SEARCH_USER_PATHS = NO;
				ARCHS = "$(ARCHS_STANDARD_64_BIT)";
				COPY_PHASE_STRIP = YES;
				DEBUG_INFORMATION_FORMAT = "dwarf-with-dsym";
				GCC_C_LANGUAGE_STANDARD = gnu99;
				GCC_ENABLE_OBJC_EXCEPTIONS = YES;
				GCC_VERSION = com.apple.compilers.llvm.clang.1_0;
				GCC_WARN_64_TO_32_BIT_CONVERSION = YES;
				GCC_WARN_ABOUT_MISSING_PROTOTYPES = YES;
				GCC_WARN_ABOUT_RETURN_TYPE = YES;
				GCC_WARN_UNUSED_VARIABLE = YES;
				HEADER_SEARCH_PATHS = "../3rd_party/protobuf-objc";
				"LIBRARY_SEARCH_PATHS[arch=*]" = "../3rd_party/protobuf-objc/Release";
				MACOSX_DEPLOYMENT_TARGET = 10.7;
				OTHER_LDFLAGS = "-lProtocolBuffers";
				SDKROOT = macosx;
			};
			name = Release;
		};
		1639FD3C14FED9D1003778E7 /* Debug */ = {
			isa = XCBuildConfiguration;
			buildSettings = {
				GCC_PRECOMPILE_PREFIX_HEADER = YES;
				GCC_PREFIX_HEADER = "AeroFS/AeroFS-Prefix.pch";
				HEADER_SEARCH_PATHS = (
					"../3rd_party/protobuf-objc",
					../launcher,
				);
				INFOPLIST_FILE = "AeroFS/AeroFS-Info.plist";
				LIBRARY_SEARCH_PATHS = (
					../launcher/lib,
					"../3rd_party/protobuf-objc/Debug",
				);
				"LIBRARY_SEARCH_PATHS[arch=*]" = (
					"../3rd_party/protobuf-objc/Debug",
					../launcher/lib,
				);
				OTHER_LDFLAGS = (
					"-lProtocolBuffers",
					"-llauncher",
				);
				PRODUCT_NAME = "$(TARGET_NAME)";
				WRAPPER_EXTENSION = app;
			};
			name = Debug;
		};
		1639FD3D14FED9D1003778E7 /* Release */ = {
			isa = XCBuildConfiguration;
			buildSettings = {
				GCC_PRECOMPILE_PREFIX_HEADER = YES;
				GCC_PREFIX_HEADER = "AeroFS/AeroFS-Prefix.pch";
				HEADER_SEARCH_PATHS = (
					"../3rd_party/protobuf-objc",
					../launcher,
				);
				INFOPLIST_FILE = "AeroFS/AeroFS-Info.plist";
				LIBRARY_SEARCH_PATHS = (
					../launcher/lib,
					"../3rd_party/protobuf-objc/Release",
				);
				OTHER_LDFLAGS = (
					"-lProtocolBuffers",
					"-llauncher",
				);
				PRODUCT_NAME = "$(TARGET_NAME)";
				WRAPPER_EXTENSION = app;
			};
			name = Release;
		};
		1639FD3F14FED9D1003778E7 /* Debug */ = {
			isa = XCBuildConfiguration;
			buildSettings = {
				BUNDLE_LOADER = "$(BUILT_PRODUCTS_DIR)/AeroFS.app/Contents/MacOS/AeroFS";
				FRAMEWORK_SEARCH_PATHS = "$(DEVELOPER_LIBRARY_DIR)/Frameworks";
				GCC_PRECOMPILE_PREFIX_HEADER = YES;
				GCC_PREFIX_HEADER = "AeroFS/AeroFS-Prefix.pch";
				INFOPLIST_FILE = "AeroFSTests/AeroFSTests-Info.plist";
				PRODUCT_NAME = "$(TARGET_NAME)";
				TEST_HOST = "$(BUNDLE_LOADER)";
				WRAPPER_EXTENSION = octest;
			};
			name = Debug;
		};
		1639FD4014FED9D1003778E7 /* Release */ = {
			isa = XCBuildConfiguration;
			buildSettings = {
				BUNDLE_LOADER = "$(BUILT_PRODUCTS_DIR)/AeroFS.app/Contents/MacOS/AeroFS";
				FRAMEWORK_SEARCH_PATHS = "$(DEVELOPER_LIBRARY_DIR)/Frameworks";
				GCC_PRECOMPILE_PREFIX_HEADER = YES;
				GCC_PREFIX_HEADER = "AeroFS/AeroFS-Prefix.pch";
				INFOPLIST_FILE = "AeroFSTests/AeroFSTests-Info.plist";
				PRODUCT_NAME = "$(TARGET_NAME)";
				TEST_HOST = "$(BUNDLE_LOADER)";
				WRAPPER_EXTENSION = octest;
			};
			name = Release;
		};
/* End XCBuildConfiguration section */

/* Begin XCConfigurationList section */
		1639FD0214FED9D0003778E7 /* Build configuration list for PBXProject "AeroFS" */ = {
			isa = XCConfigurationList;
			buildConfigurations = (
				1639FD3914FED9D1003778E7 /* Debug */,
				1639FD3A14FED9D1003778E7 /* Release */,
			);
			defaultConfigurationIsVisible = 0;
			defaultConfigurationName = Release;
		};
		1639FD3B14FED9D1003778E7 /* Build configuration list for PBXNativeTarget "AeroFS" */ = {
			isa = XCConfigurationList;
			buildConfigurations = (
				1639FD3C14FED9D1003778E7 /* Debug */,
				1639FD3D14FED9D1003778E7 /* Release */,
			);
			defaultConfigurationIsVisible = 0;
			defaultConfigurationName = Release;
		};
		1639FD3E14FED9D1003778E7 /* Build configuration list for PBXNativeTarget "AeroFSTests" */ = {
			isa = XCConfigurationList;
			buildConfigurations = (
				1639FD3F14FED9D1003778E7 /* Debug */,
				1639FD4014FED9D1003778E7 /* Release */,
			);
			defaultConfigurationIsVisible = 0;
			defaultConfigurationName = Release;
		};
/* End XCConfigurationList section */
	};
	rootObject = 1639FCFF14FED9D0003778E7 /* Project object */;
}
